
Microsoft Visual Studio Solution File, Format Version 12.00
# Visual Studio Version 17
VisualStudioVersion = 17.3.32929.385
MinimumVisualStudioVersion = 10.0.40219.1
Project("{9A19103F-16F7-4668-BE54-9A1E7A4F7556}") = "TuiHub.SavedataManagerLibrary", "TuiHub.SavedataManagerLibrary\TuiHub.SavedataManagerLibrary.csproj", "{0E927840-4624-4C44-8874-E7EDC2830A8D}"
EndProject
Project("{9A19103F-16F7-4668-BE54-9A1E7A4F7556}") = "SavedataConfigManager", "SavedataConfigManager\SavedataConfigManager.csproj", "{EA3C26CA-12C4-4E81-915C-604C9877145F}"
EndProject
Project("{9A19103F-16F7-4668-BE54-9A1E7A4F7556}") = "SavedataManagerGui", "SavedataManagerGui\SavedataManagerGui.csproj", "{1EA9DAAF-CF0C-4DE0-9CC6-5E732737EA61}"
	ProjectSection(ProjectDependencies) = postProject
		{0E927840-4624-4C44-8874-E7EDC2830A8D} = {0E927840-4624-4C44-8874-E7EDC2830A8D}
	EndProjectSection
EndProject
Global
	GlobalSection(SolutionConfigurationPlatforms) = preSolution
		Debug|Any CPU = Debug|Any CPU
		Release|Any CPU = Release|Any CPU
	EndGlobalSection
	GlobalSection(ProjectConfigurationPlatforms) = postSolution
		{0E927840-4624-4C44-8874-E7EDC2830A8D}.Debug|Any CPU.ActiveCfg = Debug|Any CPU
		{0E927840-4624-4C44-8874-E7EDC2830A8D}.Debug|Any CPU.Build.0 = Debug|Any CPU
		{0E927840-4624-4C44-8874-E7EDC2830A8D}.Release|Any CPU.ActiveCfg = Release|Any CPU
		{0E927840-4624-4C44-8874-E7EDC2830A8D}.Release|Any CPU.Build.0 = Release|Any CPU
		{EA3C26CA-12C4-4E81-915C-604C9877145F}.Debug|Any CPU.ActiveCfg = Debug|Any CPU
		{EA3C26CA-12C4-4E81-915C-604C9877145F}.Debug|Any CPU.Build.0 = Debug|Any CPU
		{EA3C26CA-12C4-4E81-915C-604C9877145F}.Release|Any CPU.ActiveCfg = Release|Any CPU
		{EA3C26CA-12C4-4E81-915C-604C9877145F}.Release|Any CPU.Build.0 = Release|Any CPU
		{1EA9DAAF-CF0C-4DE0-9CC6-5E732737EA61}.Debug|Any CPU.ActiveCfg = Debug|Any CPU
		{1EA9DAAF-CF0C-4DE0-9CC6-5E732737EA61}.Debug|Any CPU.Build.0 = Debug|Any CPU
		{1EA9DAAF-CF0C-4DE0-9CC6-5E732737EA61}.Release|Any CPU.ActiveCfg = Release|Any CPU
		{1EA9DAAF-CF0C-4DE0-9CC6-5E732737EA61}.Release|Any CPU.Build.0 = Release|Any CPU
	EndGlobalSection
	GlobalSection(SolutionProperties) = preSolution
		HideSolutionNode = FALSE
	EndGlobalSection
	GlobalSection(ExtensibilityGlobals) = postSolution
		SolutionGuid = {84F9E2F3-1843-4CF6-9ED0-DA5BE5D291CC}
	EndGlobalSection
EndGlobal
