
Microsoft Visual Studio Solution File, Format Version 12.00
# Visual Studio Version 17
VisualStudioVersion = 17.3.32929.385
MinimumVisualStudioVersion = 10.0.40219.1
Project("{9A19103F-16F7-4668-BE54-9A1E7A4F7556}") = "SavedataManager", "SavedataManager\SavedataManager.csproj", "{E85ED3DE-6FD9-49C7-B855-71B7F7C735E0}"
EndProject
Project("{FAE04EC0-301F-11D3-BF4B-00C04F79EFBC}") = "TuiHub.SavedataManager", "TuiHub.SavedataManager\TuiHub.SavedataManager.csproj", "{94DADB33-5D27-4207-912E-E2D26162473A}"
EndProject
Global
	GlobalSection(SolutionConfigurationPlatforms) = preSolution
		Debug|Any CPU = Debug|Any CPU
		Release|Any CPU = Release|Any CPU
	EndGlobalSection
	GlobalSection(ProjectConfigurationPlatforms) = postSolution
		{E85ED3DE-6FD9-49C7-B855-71B7F7C735E0}.Debug|Any CPU.ActiveCfg = Debug|Any CPU
		{E85ED3DE-6FD9-49C7-B855-71B7F7C735E0}.Debug|Any CPU.Build.0 = Debug|Any CPU
		{E85ED3DE-6FD9-49C7-B855-71B7F7C735E0}.Release|Any CPU.ActiveCfg = Release|Any CPU
		{E85ED3DE-6FD9-49C7-B855-71B7F7C735E0}.Release|Any CPU.Build.0 = Release|Any CPU
		{94DADB33-5D27-4207-912E-E2D26162473A}.Debug|Any CPU.ActiveCfg = Debug|Any CPU
		{94DADB33-5D27-4207-912E-E2D26162473A}.Debug|Any CPU.Build.0 = Debug|Any CPU
		{94DADB33-5D27-4207-912E-E2D26162473A}.Release|Any CPU.ActiveCfg = Release|Any CPU
		{94DADB33-5D27-4207-912E-E2D26162473A}.Release|Any CPU.Build.0 = Release|Any CPU
	EndGlobalSection
	GlobalSection(SolutionProperties) = preSolution
		HideSolutionNode = FALSE
	EndGlobalSection
	GlobalSection(ExtensibilityGlobals) = postSolution
		SolutionGuid = {84F9E2F3-1843-4CF6-9ED0-DA5BE5D291CC}
	EndGlobalSection
EndGlobal
